
Microsoft Visual Studio Solution File, Format Version 12.00
# Visual Studio 15
VisualStudioVersion = 15.0.27004.2005
MinimumVisualStudioVersion = 10.0.40219.1
Project("{FAE04EC0-301F-11D3-BF4B-00C04F79EFBC}") = "Taxi", "Taxi\Taxi.csproj", "{EF689CA7-628D-420C-903D-E50A363E0850}"
EndProject
Project("{2150E333-8FDC-42A3-9474-1A3956D46DE8}") = "NewFolder1", "NewFolder1", "{0B16418E-5C60-4339-BA14-7491370537E7}"
EndProject
Global
	GlobalSection(SolutionConfigurationPlatforms) = preSolution
		Debug|Any CPU = Debug|Any CPU
		Release|Any CPU = Release|Any CPU
	EndGlobalSection
	GlobalSection(ProjectConfigurationPlatforms) = postSolution
		{EF689CA7-628D-420C-903D-E50A363E0850}.Debug|Any CPU.ActiveCfg = Debug|Any CPU
		{EF689CA7-628D-420C-903D-E50A363E0850}.Debug|Any CPU.Build.0 = Debug|Any CPU
		{EF689CA7-628D-420C-903D-E50A363E0850}.Release|Any CPU.ActiveCfg = Release|Any CPU
		{EF689CA7-628D-420C-903D-E50A363E0850}.Release|Any CPU.Build.0 = Release|Any CPU
	EndGlobalSection
	GlobalSection(SolutionProperties) = preSolution
		HideSolutionNode = FALSE
	EndGlobalSection
	GlobalSection(ExtensibilityGlobals) = postSolution
		SolutionGuid = {E7502C97-6891-430D-8A6B-37BDB0DF3EF5}
	EndGlobalSection
EndGlobal
